
Microsoft Visual Studio Solution File, Format Version 12.00
# Visual Studio 15
VisualStudioVersion = 15.0.27703.2042
MinimumVisualStudioVersion = 10.0.40219.1
Project("{FAE04EC0-301F-11D3-BF4B-00C04F79EFBC}") = "RustPlugins", "RustPlugins.csproj", "{983063AA-5777-4D29-AD5C-4FAD4D733776}"
EndProject
Project("{FAE04EC0-301F-11D3-BF4B-00C04F79EFBC}") = "Helpers.Screenface", "Helpers.Screenface\Helpers.Screenface.csproj", "{C1670EE0-A889-462C-8B44-99F2A69F094E}"
EndProject
Global
	GlobalSection(SolutionConfigurationPlatforms) = preSolution
		Debug|Any CPU = Debug|Any CPU
		Release|Any CPU = Release|Any CPU
	EndGlobalSection
	GlobalSection(ProjectConfigurationPlatforms) = postSolution
		{983063AA-5777-4D29-AD5C-4FAD4D733776}.Debug|Any CPU.ActiveCfg = Debug|Any CPU
		{983063AA-5777-4D29-AD5C-4FAD4D733776}.Debug|Any CPU.Build.0 = Debug|Any CPU
		{983063AA-5777-4D29-AD5C-4FAD4D733776}.Release|Any CPU.ActiveCfg = Release|Any CPU
		{983063AA-5777-4D29-AD5C-4FAD4D733776}.Release|Any CPU.Build.0 = Release|Any CPU
		{C1670EE0-A889-462C-8B44-99F2A69F094E}.Debug|Any CPU.ActiveCfg = Debug|Any CPU
		{C1670EE0-A889-462C-8B44-99F2A69F094E}.Debug|Any CPU.Build.0 = Debug|Any CPU
		{C1670EE0-A889-462C-8B44-99F2A69F094E}.Release|Any CPU.ActiveCfg = Release|Any CPU
		{C1670EE0-A889-462C-8B44-99F2A69F094E}.Release|Any CPU.Build.0 = Release|Any CPU
	EndGlobalSection
	GlobalSection(SolutionProperties) = preSolution
		HideSolutionNode = FALSE
	EndGlobalSection
	GlobalSection(ExtensibilityGlobals) = postSolution
		SolutionGuid = {1F56FC95-5911-445D-8347-D663526FFDF1}
	EndGlobalSection
EndGlobal
